// !$*UTF8*$!
{
	archiveVersion = 1;
	classes = {
	};
	objectVersion = 50;
	objects = {

/* Begin PBXBuildFile section */
		857BDB5A22DB7B0C005AE273 /* AppDelegate.swift in Sources */ = {isa = PBXBuildFile; fileRef = 857BDB5922DB7B0C005AE273 /* AppDelegate.swift */; };
		857BDB5C22DB7B0C005AE273 /* ViewController.swift in Sources */ = {isa = PBXBuildFile; fileRef = 857BDB5B22DB7B0C005AE273 /* ViewController.swift */; };
		857BDB5F22DB7B0C005AE273 /* Main.storyboard in Resources */ = {isa = PBXBuildFile; fileRef = 857BDB5D22DB7B0C005AE273 /* Main.storyboard */; };
		857BDB6122DB7B0E005AE273 /* Assets.xcassets in Resources */ = {isa = PBXBuildFile; fileRef = 857BDB6022DB7B0E005AE273 /* Assets.xcassets */; };
		857BDB6422DB7B0E005AE273 /* LaunchScreen.storyboard in Resources */ = {isa = PBXBuildFile; fileRef = 857BDB6222DB7B0E005AE273 /* LaunchScreen.storyboard */; };
		999995B3AE15B2656150CAF5 /* Pods_LifeGraph.framework in Frameworks */ = {isa = PBXBuildFile; fileRef = 05FED4F4A7DAB79A047DCAAF /* Pods_LifeGraph.framework */; };
/* End PBXBuildFile section */

/* Begin PBXFileReference section */
		05FED4F4A7DAB79A047DCAAF /* Pods_LifeGraph.framework */ = {isa = PBXFileReference; explicitFileType = wrapper.framework; includeInIndex = 0; path = Pods_LifeGraph.framework; sourceTree = BUILT_PRODUCTS_DIR; };
		0A91BFFD2B8D23BDB4742365 /* Pods-LifeGraph.release.xcconfig */ = {isa = PBXFileReference; includeInIndex = 1; lastKnownFileType = text.xcconfig; name = "Pods-LifeGraph.release.xcconfig"; path = "Target Support Files/Pods-LifeGraph/Pods-LifeGraph.release.xcconfig"; sourceTree = "<group>"; };
		5651977FA8909EAD42F2375D /* Pods-LifeGraph.debug.xcconfig */ = {isa = PBXFileReference; includeInIndex = 1; lastKnownFileType = text.xcconfig; name = "Pods-LifeGraph.debug.xcconfig"; path = "Target Support Files/Pods-LifeGraph/Pods-LifeGraph.debug.xcconfig"; sourceTree = "<group>"; };
		857BDB5622DB7B0C005AE273 /* LifeGraph.app */ = {isa = PBXFileReference; explicitFileType = wrapper.application; includeInIndex = 0; path = LifeGraph.app; sourceTree = BUILT_PRODUCTS_DIR; };
		857BDB5922DB7B0C005AE273 /* AppDelegate.swift */ = {isa = PBXFileReference; lastKnownFileType = sourcecode.swift; path = AppDelegate.swift; sourceTree = "<group>"; };
		857BDB5B22DB7B0C005AE273 /* ViewController.swift */ = {isa = PBXFileReference; lastKnownFileType = sourcecode.swift; path = ViewController.swift; sourceTree = "<group>"; };
		857BDB5E22DB7B0C005AE273 /* Base */ = {isa = PBXFileReference; lastKnownFileType = file.storyboard; name = Base; path = Base.lproj/Main.storyboard; sourceTree = "<group>"; };
		857BDB6022DB7B0E005AE273 /* Assets.xcassets */ = {isa = PBXFileReference; lastKnownFileType = folder.assetcatalog; path = Assets.xcassets; sourceTree = "<group>"; };
		857BDB6322DB7B0E005AE273 /* Base */ = {isa = PBXFileReference; lastKnownFileType = file.storyboard; name = Base; path = Base.lproj/LaunchScreen.storyboard; sourceTree = "<group>"; };
		857BDB6522DB7B0E005AE273 /* Info.plist */ = {isa = PBXFileReference; lastKnownFileType = text.plist.xml; path = Info.plist; sourceTree = "<group>"; };
/* End PBXFileReference section */

/* Begin PBXFrameworksBuildPhase section */
		857BDB5322DB7B0C005AE273 /* Frameworks */ = {
			isa = PBXFrameworksBuildPhase;
			buildActionMask = 2147483647;
			files = (
				999995B3AE15B2656150CAF5 /* Pods_LifeGraph.framework in Frameworks */,
			);
			runOnlyForDeploymentPostprocessing = 0;
		};
/* End PBXFrameworksBuildPhase section */

/* Begin PBXGroup section */
		6AB3A2B55792D447FB7150FD /* Pods */ = {
			isa = PBXGroup;
			children = (
				5651977FA8909EAD42F2375D /* Pods-LifeGraph.debug.xcconfig */,
				0A91BFFD2B8D23BDB4742365 /* Pods-LifeGraph.release.xcconfig */,
			);
			name = Pods;
			path = Pods;
			sourceTree = "<group>";
		};
		857BDB4D22DB7B0C005AE273 = {
			isa = PBXGroup;
			children = (
				857BDB5822DB7B0C005AE273 /* LifeGraph */,
				857BDB5722DB7B0C005AE273 /* Products */,
				6AB3A2B55792D447FB7150FD /* Pods */,
				E4DCA16B5B4353354BBEA669 /* Frameworks */,
			);
			sourceTree = "<group>";
		};
		857BDB5722DB7B0C005AE273 /* Products */ = {
			isa = PBXGroup;
			children = (
				857BDB5622DB7B0C005AE273 /* LifeGraph.app */,
			);
			name = Products;
			sourceTree = "<group>";
		};
		857BDB5822DB7B0C005AE273 /* LifeGraph */ = {
			isa = PBXGroup;
			children = (
				857BDB5922DB7B0C005AE273 /* AppDelegate.swift */,
				857BDB5B22DB7B0C005AE273 /* ViewController.swift */,
				857BDB5D22DB7B0C005AE273 /* Main.storyboard */,
				857BDB6022DB7B0E005AE273 /* Assets.xcassets */,
				857BDB6222DB7B0E005AE273 /* LaunchScreen.storyboard */,
				857BDB6522DB7B0E005AE273 /* Info.plist */,
			);
			path = LifeGraph;
			sourceTree = "<group>";
		};
		E4DCA16B5B4353354BBEA669 /* Frameworks */ = {
			isa = PBXGroup;
			children = (
				05FED4F4A7DAB79A047DCAAF /* Pods_LifeGraph.framework */,
			);
			name = Frameworks;
			sourceTree = "<group>";
		};
/* End PBXGroup section */

/* Begin PBXNativeTarget section */
		857BDB5522DB7B0C005AE273 /* LifeGraph */ = {
			isa = PBXNativeTarget;
			buildConfigurationList = 857BDB6822DB7B0E005AE273 /* Build configuration list for PBXNativeTarget "LifeGraph" */;
			buildPhases = (
				19751DD806659664A929C3A3 /* [CP] Check Pods Manifest.lock */,
				857BDB5222DB7B0C005AE273 /* Sources */,
				857BDB5322DB7B0C005AE273 /* Frameworks */,
				857BDB5422DB7B0C005AE273 /* Resources */,
				8CE7F73F605E5F19ABCCC295 /* [CP] Embed Pods Frameworks */,
			);
			buildRules = (
			);
			dependencies = (
			);
			name = LifeGraph;
			productName = LifeGraph;
			productReference = 857BDB5622DB7B0C005AE273 /* LifeGraph.app */;
			productType = "com.apple.product-type.application";
		};
/* End PBXNativeTarget section */

/* Begin PBXProject section */
		857BDB4E22DB7B0C005AE273 /* Project object */ = {
			isa = PBXProject;
			attributes = {
				LastSwiftUpdateCheck = 1020;
				LastUpgradeCheck = 1020;
				ORGANIZATIONNAME = "溝口健太";
				TargetAttributes = {
					857BDB5522DB7B0C005AE273 = {
						CreatedOnToolsVersion = 10.2.1;
					};
				};
			};
			buildConfigurationList = 857BDB5122DB7B0C005AE273 /* Build configuration list for PBXProject "LifeGraph" */;
			compatibilityVersion = "Xcode 9.3";
			developmentRegion = en;
			hasScannedForEncodings = 0;
			knownRegions = (
				en,
				Base,
			);
			mainGroup = 857BDB4D22DB7B0C005AE273;
			productRefGroup = 857BDB5722DB7B0C005AE273 /* Products */;
			projectDirPath = "";
			projectRoot = "";
			targets = (
				857BDB5522DB7B0C005AE273 /* LifeGraph */,
			);
		};
/* End PBXProject section */

/* Begin PBXResourcesBuildPhase section */
		857BDB5422DB7B0C005AE273 /* Resources */ = {
			isa = PBXResourcesBuildPhase;
			buildActionMask = 2147483647;
			files = (
				857BDB6422DB7B0E005AE273 /* LaunchScreen.storyboard in Resources */,
				857BDB6122DB7B0E005AE273 /* Assets.xcassets in Resources */,
				857BDB5F22DB7B0C005AE273 /* Main.storyboard in Resources */,
			);
			runOnlyForDeploymentPostprocessing = 0;
		};
/* End PBXResourcesBuildPhase section */

/* Begin PBXShellScriptBuildPhase section */
		19751DD806659664A929C3A3 /* [CP] Check Pods Manifest.lock */ = {
			isa = PBXShellScriptBuildPhase;
			buildActionMask = 2147483647;
			files = (
			);
			inputFileListPaths = (
			);
			inputPaths = (
				"${PODS_PODFILE_DIR_PATH}/Podfile.lock",
				"${PODS_ROOT}/Manifest.lock",
			);
			name = "[CP] Check Pods Manifest.lock";
			outputFileListPaths = (
			);
			outputPaths = (
				"$(DERIVED_FILE_DIR)/Pods-LifeGraph-checkManifestLockResult.txt",
			);
			runOnlyForDeploymentPostprocessing = 0;
			shellPath = /bin/sh;
			shellScript = "diff \"${PODS_PODFILE_DIR_PATH}/Podfile.lock\" \"${PODS_ROOT}/Manifest.lock\" > /dev/null\nif [ $? != 0 ] ; then\n    # print error to STDERR\n    echo \"error: The sandbox is not in sync with the Podfile.lock. Run 'pod install' or update your CocoaPods installation.\" >&2\n    exit 1\nfi\n# This output is used by Xcode 'outputs' to avoid re-running this script phase.\necho \"SUCCESS\" > \"${SCRIPT_OUTPUT_FILE_0}\"\n";
			showEnvVarsInLog = 0;
		};
		8CE7F73F605E5F19ABCCC295 /* [CP] Embed Pods Frameworks */ = {
			isa = PBXShellScriptBuildPhase;
			buildActionMask = 2147483647;
			files = (
			);
			inputFileListPaths = (
			);
			inputPaths = (
				"${PODS_ROOT}/Target Support Files/Pods-LifeGraph/Pods-LifeGraph-frameworks.sh",
				"${BUILT_PRODUCTS_DIR}/Charts/Charts.framework",
				"${BUILT_PRODUCTS_DIR}/ChartsRealm/ChartsRealm.framework",
				"${BUILT_PRODUCTS_DIR}/Realm/Realm.framework",
				"${BUILT_PRODUCTS_DIR}/RealmSwift/RealmSwift.framework",
			);
			name = "[CP] Embed Pods Frameworks";
			outputFileListPaths = (
			);
			outputPaths = (
				"${TARGET_BUILD_DIR}/${FRAMEWORKS_FOLDER_PATH}/Charts.framework",
				"${TARGET_BUILD_DIR}/${FRAMEWORKS_FOLDER_PATH}/ChartsRealm.framework",
				"${TARGET_BUILD_DIR}/${FRAMEWORKS_FOLDER_PATH}/Realm.framework",
				"${TARGET_BUILD_DIR}/${FRAMEWORKS_FOLDER_PATH}/RealmSwift.framework",
			);
			runOnlyForDeploymentPostprocessing = 0;
			shellPath = /bin/sh;
			shellScript = "\"${PODS_ROOT}/Target Support Files/Pods-LifeGraph/Pods-LifeGraph-frameworks.sh\"\n";
			showEnvVarsInLog = 0;
		};
/* End PBXShellScriptBuildPhase section */

/* Begin PBXSourcesBuildPhase section */
		857BDB5222DB7B0C005AE273 /* Sources */ = {
			isa = PBXSourcesBuildPhase;
			buildActionMask = 2147483647;
			files = (
				857BDB5C22DB7B0C005AE273 /* ViewController.swift in Sources */,
				857BDB5A22DB7B0C005AE273 /* AppDelegate.swift in Sources */,
			);
			runOnlyForDeploymentPostprocessing = 0;
		};
/* End PBXSourcesBuildPhase section */

/* Begin PBXVariantGroup section */
		857BDB5D22DB7B0C005AE273 /* Main.storyboard */ = {
			isa = PBXVariantGroup;
			children = (
				857BDB5E22DB7B0C005AE273 /* Base */,
			);
			name = Main.storyboard;
			sourceTree = "<group>";
		};
		857BDB6222DB7B0E005AE273 /* LaunchScreen.storyboard */ = {
			isa = PBXVariantGroup;
			children = (
				857BDB6322DB7B0E005AE273 /* Base */,
			);
			name = LaunchScreen.storyboard;
			sourceTree = "<group>";
		};
/* End PBXVariantGroup section */

/* Begin XCBuildConfiguration section */
		857BDB6622DB7B0E005AE273 /* Debug */ = {
			isa = XCBuildConfiguration;
			buildSettings = {
				ALWAYS_SEARCH_USER_PATHS = NO;
				CLANG_ANALYZER_NONNULL = YES;
				CLANG_ANALYZER_NUMBER_OBJECT_CONVERSION = YES_AGGRESSIVE;
				CLANG_CXX_LANGUAGE_STANDARD = "gnu++14";
				CLANG_CXX_LIBRARY = "libc++";
				CLANG_ENABLE_MODULES = YES;
				CLANG_ENABLE_OBJC_ARC = YES;
				CLANG_ENABLE_OBJC_WEAK = YES;
				CLANG_WARN_BLOCK_CAPTURE_AUTORELEASING = YES;
				CLANG_WARN_BOOL_CONVERSION = YES;
				CLANG_WARN_COMMA = YES;
				CLANG_WARN_CONSTANT_CONVERSION = YES;
				CLANG_WARN_DEPRECATED_OBJC_IMPLEMENTATIONS = YES;
				CLANG_WARN_DIRECT_OBJC_ISA_USAGE = YES_ERROR;
				CLANG_WARN_DOCUMENTATION_COMMENTS = YES;
				CLANG_WARN_EMPTY_BODY = YES;
				CLANG_WARN_ENUM_CONVERSION = YES;
				CLANG_WARN_INFINITE_RECURSION = YES;
				CLANG_WARN_INT_CONVERSION = YES;
				CLANG_WARN_NON_LITERAL_NULL_CONVERSION = YES;
				CLANG_WARN_OBJC_IMPLICIT_RETAIN_SELF = YES;
				CLANG_WARN_OBJC_LITERAL_CONVERSION = YES;
				CLANG_WARN_OBJC_ROOT_CLASS = YES_ERROR;
				CLANG_WARN_RANGE_LOOP_ANALYSIS = YES;
				CLANG_WARN_STRICT_PROTOTYPES = YES;
				CLANG_WARN_SUSPICIOUS_MOVE = YES;
				CLANG_WARN_UNGUARDED_AVAILABILITY = YES_AGGRESSIVE;
				CLANG_WARN_UNREACHABLE_CODE = YES;
				CLANG_WARN__DUPLICATE_METHOD_MATCH = YES;
				CODE_SIGN_IDENTITY = "iPhone Developer";
				COPY_PHASE_STRIP = NO;
				DEBUG_INFORMATION_FORMAT = dwarf;
				ENABLE_STRICT_OBJC_MSGSEND = YES;
				ENABLE_TESTABILITY = YES;
				GCC_C_LANGUAGE_STANDARD = gnu11;
				GCC_DYNAMIC_NO_PIC = NO;
				GCC_NO_COMMON_BLOCKS = YES;
				GCC_OPTIMIZATION_LEVEL = 0;
				GCC_PREPROCESSOR_DEFINITIONS = (
					"DEBUG=1",
					"$(inherited)",
				);
				GCC_WARN_64_TO_32_BIT_CONVERSION = YES;
				GCC_WARN_ABOUT_RETURN_TYPE = YES_ERROR;
				GCC_WARN_UNDECLARED_SELECTOR = YES;
				GCC_WARN_UNINITIALIZED_AUTOS = YES_AGGRESSIVE;
				GCC_WARN_UNUSED_FUNCTION = YES;
				GCC_WARN_UNUSED_VARIABLE = YES;
				IPHONEOS_DEPLOYMENT_TARGET = 12.2;
				MTL_ENABLE_DEBUG_INFO = INCLUDE_SOURCE;
				MTL_FAST_MATH = YES;
				ONLY_ACTIVE_ARCH = YES;
				SDKROOT = iphoneos;
				SWIFT_ACTIVE_COMPILATION_CONDITIONS = DEBUG;
				SWIFT_OPTIMIZATION_LEVEL = "-Onone";
			};
			name = Debug;
		};
		857BDB6722DB7B0E005AE273 /* Release */ = {
			isa = XCBuildConfiguration;
			buildSettings = {
				ALWAYS_SEARCH_USER_PATHS = NO;
				CLANG_ANALYZER_NONNULL = YES;
				CLANG_ANALYZER_NUMBER_OBJECT_CONVERSION = YES_AGGRESSIVE;
				CLANG_CXX_LANGUAGE_STANDARD = "gnu++14";
				CLANG_CXX_LIBRARY = "libc++";
				CLANG_ENABLE_MODULES = YES;
				CLANG_ENABLE_OBJC_ARC = YES;
				CLANG_ENABLE_OBJC_WEAK = YES;
				CLANG_WARN_BLOCK_CAPTURE_AUTORELEASING = YES;
				CLANG_WARN_BOOL_CONVERSION = YES;
				CLANG_WARN_COMMA = YES;
				CLANG_WARN_CONSTANT_CONVERSION = YES;
				CLANG_WARN_DEPRECATED_OBJC_IMPLEMENTATIONS = YES;
				CLANG_WARN_DIRECT_OBJC_ISA_USAGE = YES_ERROR;
				CLANG_WARN_DOCUMENTATION_COMMENTS = YES;
				CLANG_WARN_EMPTY_BODY = YES;
				CLANG_WARN_ENUM_CONVERSION = YES;
				CLANG_WARN_INFINITE_RECURSION = YES;
				CLANG_WARN_INT_CONVERSION = YES;
				CLANG_WARN_NON_LITERAL_NULL_CONVERSION = YES;
				CLANG_WARN_OBJC_IMPLICIT_RETAIN_SELF = YES;
				CLANG_WARN_OBJC_LITERAL_CONVERSION = YES;
				CLANG_WARN_OBJC_ROOT_CLASS = YES_ERROR;
				CLANG_WARN_RANGE_LOOP_ANALYSIS = YES;
				CLANG_WARN_STRICT_PROTOTYPES = YES;
				CLANG_WARN_SUSPICIOUS_MOVE = YES;
				CLANG_WARN_UNGUARDED_AVAILABILITY = YES_AGGRESSIVE;
				CLANG_WARN_UNREACHABLE_CODE = YES;
				CLANG_WARN__DUPLICATE_METHOD_MATCH = YES;
				CODE_SIGN_IDENTITY = "iPhone Developer";
				COPY_PHASE_STRIP = NO;
				DEBUG_INFORMATION_FORMAT = "dwarf-with-dsym";
				ENABLE_NS_ASSERTIONS = NO;
				ENABLE_STRICT_OBJC_MSGSEND = YES;
				GCC_C_LANGUAGE_STANDARD = gnu11;
				GCC_NO_COMMON_BLOCKS = YES;
				GCC_WARN_64_TO_32_BIT_CONVERSION = YES;
				GCC_WARN_ABOUT_RETURN_TYPE = YES_ERROR;
				GCC_WARN_UNDECLARED_SELECTOR = YES;
				GCC_WARN_UNINITIALIZED_AUTOS = YES_AGGRESSIVE;
				GCC_WARN_UNUSED_FUNCTION = YES;
				GCC_WARN_UNUSED_VARIABLE = YES;
				IPHONEOS_DEPLOYMENT_TARGET = 12.2;
				MTL_ENABLE_DEBUG_INFO = NO;
				MTL_FAST_MATH = YES;
				SDKROOT = iphoneos;
				SWIFT_COMPILATION_MODE = wholemodule;
				SWIFT_OPTIMIZATION_LEVEL = "-O";
				VALIDATE_PRODUCT = YES;
			};
			name = Release;
		};
		857BDB6922DB7B0E005AE273 /* Debug */ = {
			isa = XCBuildConfiguration;
			baseConfigurationReference = 5651977FA8909EAD42F2375D /* Pods-LifeGraph.debug.xcconfig */;
			buildSettings = {
				ASSETCATALOG_COMPILER_APPICON_NAME = AppIcon;
				CODE_SIGN_STYLE = Automatic;
				DEVELOPMENT_TEAM = 78NFKJP45T;
				INFOPLIST_FILE = LifeGraph/Info.plist;
				LD_RUNPATH_SEARCH_PATHS = (
					"$(inherited)",
					"@executable_path/Frameworks",
				);
				PRODUCT_BUNDLE_IDENTIFIER = ken.LifeGraph;
				PRODUCT_NAME = "$(TARGET_NAME)";
				SWIFT_VERSION = 5.0;
				TARGETED_DEVICE_FAMILY = "1,2";
			};
			name = Debug;
		};
		857BDB6A22DB7B0E005AE273 /* Release */ = {
			isa = XCBuildConfiguration;
			baseConfigurationReference = 0A91BFFD2B8D23BDB4742365 /* Pods-LifeGraph.release.xcconfig */;
			buildSettings = {
				ASSETCATALOG_COMPILER_APPICON_NAME = AppIcon;
				CODE_SIGN_STYLE = Automatic;
				DEVELOPMENT_TEAM = 78NFKJP45T;
				INFOPLIST_FILE = LifeGraph/Info.plist;
				LD_RUNPATH_SEARCH_PATHS = (
					"$(inherited)",
					"@executable_path/Frameworks",
				);
				PRODUCT_BUNDLE_IDENTIFIER = ken.LifeGraph;
				PRODUCT_NAME = "$(TARGET_NAME)";
				SWIFT_VERSION = 5.0;
				TARGETED_DEVICE_FAMILY = "1,2";
			};
			name = Release;
		};
/* End XCBuildConfiguration section */

/* Begin XCConfigurationList section */
		857BDB5122DB7B0C005AE273 /* Build configuration list for PBXProject "LifeGraph" */ = {
			isa = XCConfigurationList;
			buildConfigurations = (
				857BDB6622DB7B0E005AE273 /* Debug */,
				857BDB6722DB7B0E005AE273 /* Release */,
			);
			defaultConfigurationIsVisible = 0;
			defaultConfigurationName = Release;
		};
		857BDB6822DB7B0E005AE273 /* Build configuration list for PBXNativeTarget "LifeGraph" */ = {
			isa = XCConfigurationList;
			buildConfigurations = (
				857BDB6922DB7B0E005AE273 /* Debug */,
				857BDB6A22DB7B0E005AE273 /* Release */,
			);
			defaultConfigurationIsVisible = 0;
			defaultConfigurationName = Release;
		};
/* End XCConfigurationList section */
	};
	rootObject = 857BDB4E22DB7B0C005AE273 /* Project object */;
}
